
Microsoft Visual Studio Solution File, Format Version 12.00
# Visual Studio Version 17
VisualStudioVersion = 17.9.34728.123
MinimumVisualStudioVersion = 10.0.40219.1
Project("{FAE04EC0-301F-11D3-BF4B-00C04F79EFBC}") = "SmartCookbook", "SmartCookbook\SmartCookbook.csproj", "{7E7A43D4-8B89-4527-8785-B4EA5741043A}"
EndProject
Global
	GlobalSection(SolutionConfigurationPlatforms) = preSolution
		Debug|Any CPU = Debug|Any CPU
		Release|Any CPU = Release|Any CPU
	EndGlobalSection
	GlobalSection(ProjectConfigurationPlatforms) = postSolution
		{7E7A43D4-8B89-4527-8785-B4EA5741043A}.Debug|Any CPU.ActiveCfg = Debug|Any CPU
		{7E7A43D4-8B89-4527-8785-B4EA5741043A}.Debug|Any CPU.Build.0 = Debug|Any CPU
		{7E7A43D4-8B89-4527-8785-B4EA5741043A}.Release|Any CPU.ActiveCfg = Release|Any CPU
		{7E7A43D4-8B89-4527-8785-B4EA5741043A}.Release|Any CPU.Build.0 = Release|Any CPU
	EndGlobalSection
	GlobalSection(SolutionProperties) = preSolution
		HideSolutionNode = FALSE
	EndGlobalSection
	GlobalSection(ExtensibilityGlobals) = postSolution
		SolutionGuid = {020064B7-E6F5-4920-A34E-9EB00E5E1444}
	EndGlobalSection
EndGlobal
