
Microsoft Visual Studio Solution File, Format Version 12.00
# Visual Studio Version 17
VisualStudioVersion = 17.11.35208.52
MinimumVisualStudioVersion = 10.0.40219.1
Project("{FAE04EC0-301F-11D3-BF4B-00C04F79EFBC}") = "SmartCookbook", "SmartCookbook\SmartCookbook.csproj", "{98580DB5-9AC6-4A64-8DC7-BB2EFFF4AB80}"
EndProject
Global
	GlobalSection(SolutionConfigurationPlatforms) = preSolution
		Debug|Any CPU = Debug|Any CPU
		Release|Any CPU = Release|Any CPU
	EndGlobalSection
	GlobalSection(ProjectConfigurationPlatforms) = postSolution
		{98580DB5-9AC6-4A64-8DC7-BB2EFFF4AB80}.Debug|Any CPU.ActiveCfg = Debug|Any CPU
		{98580DB5-9AC6-4A64-8DC7-BB2EFFF4AB80}.Debug|Any CPU.Build.0 = Debug|Any CPU
		{98580DB5-9AC6-4A64-8DC7-BB2EFFF4AB80}.Release|Any CPU.ActiveCfg = Release|Any CPU
		{98580DB5-9AC6-4A64-8DC7-BB2EFFF4AB80}.Release|Any CPU.Build.0 = Release|Any CPU
	EndGlobalSection
	GlobalSection(SolutionProperties) = preSolution
		HideSolutionNode = FALSE
	EndGlobalSection
	GlobalSection(ExtensibilityGlobals) = postSolution
		SolutionGuid = {95D0C677-E0ED-4DAF-A48C-F24A5E3F3FB2}
	EndGlobalSection
EndGlobal
